// !$*UTF8*$!
{
	archiveVersion = 1;
	classes = {
	};
	objectVersion = 46;
	objects = {

/* Begin PBXBuildFile section */
		5009CE30163EE7500082C5A7 /* UIKit.framework in Frameworks */ = {isa = PBXBuildFile; fileRef = 5009CE2F163EE7500082C5A7 /* UIKit.framework */; };
		5009CE32163EE7500082C5A7 /* Foundation.framework in Frameworks */ = {isa = PBXBuildFile; fileRef = 5009CE31163EE7500082C5A7 /* Foundation.framework */; };
		5009CE34163EE7500082C5A7 /* CoreGraphics.framework in Frameworks */ = {isa = PBXBuildFile; fileRef = 5009CE33163EE7500082C5A7 /* CoreGraphics.framework */; };
		5009CE3A163EE7500082C5A7 /* InfoPlist.strings in Resources */ = {isa = PBXBuildFile; fileRef = 5009CE38163EE7500082C5A7 /* InfoPlist.strings */; };
		5009CE3C163EE7500082C5A7 /* main.m in Sources */ = {isa = PBXBuildFile; fileRef = 5009CE3B163EE7500082C5A7 /* main.m */; };
		5009CE40163EE7500082C5A7 /* AppDelegate.m in Sources */ = {isa = PBXBuildFile; fileRef = 5009CE3F163EE7500082C5A7 /* AppDelegate.m */; };
		5009CE43163EE7500082C5A7 /* iPhone.storyboard in Resources */ = {isa = PBXBuildFile; fileRef = 5009CE41163EE7500082C5A7 /* iPhone.storyboard */; };
		5009CE46163EE7500082C5A7 /* iPad.storyboard in Resources */ = {isa = PBXBuildFile; fileRef = 5009CE44163EE7500082C5A7 /* iPad.storyboard */; };
		5009CE49163EE7500082C5A7 /* OpenGLViewController.m in Sources */ = {isa = PBXBuildFile; fileRef = 5009CE48163EE7500082C5A7 /* OpenGLViewController.m */; };
		5009CE50163EE7B60082C5A7 /* OpenGLES.framework in Frameworks */ = {isa = PBXBuildFile; fileRef = 5009CE4F163EE7B60082C5A7 /* OpenGLES.framework */; };
		5009CE52163EE7BD0082C5A7 /* QuartzCore.framework in Frameworks */ = {isa = PBXBuildFile; fileRef = 5009CE51163EE7BD0082C5A7 /* QuartzCore.framework */; };
		5009CE54163EE7C40082C5A7 /* GLKit.framework in Frameworks */ = {isa = PBXBuildFile; fileRef = 5009CE53163EE7C40082C5A7 /* GLKit.framework */; };
		5009CE73163EF6FA0082C5A7 /* AGLKContext.m in Sources */ = {isa = PBXBuildFile; fileRef = 5009CE72163EF6FA0082C5A7 /* AGLKContext.m */; };
		5009CE83163F18100082C5A7 /* UtilityMesh.m in Sources */ = {isa = PBXBuildFile; fileRef = 5009CE82163F18100082C5A7 /* UtilityMesh.m */; };
		5009CE86163F18210082C5A7 /* UtilityModel.m in Sources */ = {isa = PBXBuildFile; fileRef = 5009CE85163F18210082C5A7 /* UtilityModel.m */; };
		5009CE8B163F1B210082C5A7 /* UtilityModelManager.m in Sources */ = {isa = PBXBuildFile; fileRef = 5009CE8A163F1B210082C5A7 /* UtilityModelManager.m */; };
		5009CE8E163F1B580082C5A7 /* UtilityModel+viewAdditions.m in Sources */ = {isa = PBXBuildFile; fileRef = 5009CE8D163F1B580082C5A7 /* UtilityModel+viewAdditions.m */; };
		5009CE91163F1B7E0082C5A7 /* UtilityMesh+viewAdditions.m in Sources */ = {isa = PBXBuildFile; fileRef = 5009CE90163F1B7E0082C5A7 /* UtilityMesh+viewAdditions.m */; };
		5009CE94163F1BA00082C5A7 /* UtilityTextureInfo+viewAdditions.m in Sources */ = {isa = PBXBuildFile; fileRef = 5009CE93163F1BA00082C5A7 /* UtilityTextureInfo+viewAdditions.m */; };
		5009CE97163F1BAF0082C5A7 /* UtilityTextureInfo.m in Sources */ = {isa = PBXBuildFile; fileRef = 5009CE96163F1BAF0082C5A7 /* UtilityTextureInfo.m */; };
		506A33A2165535F600792B8A /* GameViewController.m in Sources */ = {isa = PBXBuildFile; fileRef = 506A33A1165535F600792B8A /* GameViewController.m */; };
		507D1CFA1651284F007FC594 /* BoardGame.m in Sources */ = {isa = PBXBuildFile; fileRef = 507D1CF91651284F007FC594 /* BoardGame.m */; };
		507D1D0016512C14007FC594 /* BoardGame+viewAdditions.m in Sources */ = {isa = PBXBuildFile; fileRef = 507D1CFF16512C14007FC594 /* BoardGame+viewAdditions.m */; };
		507D1D0316512F25007FC594 /* Ball+viewAdditions.m in Sources */ = {isa = PBXBuildFile; fileRef = 507D1D0216512F25007FC594 /* Ball+viewAdditions.m */; };
		507D1D06165131B2007FC594 /* Wall+viewAdditions.m in Sources */ = {isa = PBXBuildFile; fileRef = 507D1D05165131B2007FC594 /* Wall+viewAdditions.m */; };
		509DC37A1646CF1D00251009 /* 3DObject.m in Sources */ = {isa = PBXBuildFile; fileRef = 509DC3791646CF1D00251009 /* 3DObject.m */; };
		509DC37E1646D19B00251009 /* Wall.m in Sources */ = {isa = PBXBuildFile; fileRef = 509DC37D1646D19B00251009 /* Wall.m */; };
		50B45B9E166CBD1800CAF2D2 /* level1.gameplist in Resources */ = {isa = PBXBuildFile; fileRef = 50B45B9D166CBD1800CAF2D2 /* level1.gameplist */; };
		50D8488A1657F92F003DEEB5 /* CoreMotion.framework in Frameworks */ = {isa = PBXBuildFile; fileRef = 50D848891657F92F003DEEB5 /* CoreMotion.framework */; };
		50D848921658E23F003DEEB5 /* MainViewController.m in Sources */ = {isa = PBXBuildFile; fileRef = 50D848911658E23F003DEEB5 /* MainViewController.m */; };
		50D848951658F5DD003DEEB5 /* HighScoresViewController.m in Sources */ = {isa = PBXBuildFile; fileRef = 50D848941658F5DD003DEEB5 /* HighScoresViewController.m */; };
		50D8489D165BE7A6003DEEB5 /* CoreData.framework in Frameworks */ = {isa = PBXBuildFile; fileRef = 50D8489C165BE7A6003DEEB5 /* CoreData.framework */; };
		50D848DD165D260C003DEEB5 /* Score.m in Sources */ = {isa = PBXBuildFile; fileRef = 50D848DC165D260C003DEEB5 /* Score.m */; };
		50D848EA165FC9A0003DEEB5 /* NSDictionary+fileAdditions.m in Sources */ = {isa = PBXBuildFile; fileRef = 50D848E9165FC9A0003DEEB5 /* NSDictionary+fileAdditions.m */; };
		50D848EE16628707003DEEB5 /* SettingsViewController.m in Sources */ = {isa = PBXBuildFile; fileRef = 50D848ED16628706003DEEB5 /* SettingsViewController.m */; };
		50D848F116628A35003DEEB5 /* AboutMeViewController.m in Sources */ = {isa = PBXBuildFile; fileRef = 50D848F016628A35003DEEB5 /* AboutMeViewController.m */; };
		50D848FA16652D82003DEEB5 /* GameCharacter.m in Sources */ = {isa = PBXBuildFile; fileRef = 50D848F916652D81003DEEB5 /* GameCharacter.m */; };
		50D848FD1665FE7D003DEEB5 /* Ghost.m in Sources */ = {isa = PBXBuildFile; fileRef = 50D848FC1665FE7B003DEEB5 /* Ghost.m */; };
		50D84904166611DC003DEEB5 /* Ghost+viewAdditions.m in Sources */ = {isa = PBXBuildFile; fileRef = 50D84903166611DC003DEEB5 /* Ghost+viewAdditions.m */; };
		50D8490616661394003DEEB5 /* ballEscape.modelplist in Resources */ = {isa = PBXBuildFile; fileRef = 50D8490516661394003DEEB5 /* ballEscape.modelplist */; };
		50FCF55816492830008CD89E /* LevelManager.m in Sources */ = {isa = PBXBuildFile; fileRef = 50FCF55716492830008CD89E /* LevelManager.m */; };
		50FCF5D6164AF7D5008CD89E /* level0.txt in Resources */ = {isa = PBXBuildFile; fileRef = 50FCF5D5164AF7D5008CD89E /* level0.txt */; };
		50FCF5DF164BA249008CD89E /* Ball.m in Sources */ = {isa = PBXBuildFile; fileRef = 50FCF5DE164BA249008CD89E /* Ball.m */; };
/* End PBXBuildFile section */

/* Begin PBXFileReference section */
		5009CE2B163EE7500082C5A7 /* BallEscape.app */ = {isa = PBXFileReference; explicitFileType = wrapper.application; includeInIndex = 0; path = BallEscape.app; sourceTree = BUILT_PRODUCTS_DIR; };
		5009CE2F163EE7500082C5A7 /* UIKit.framework */ = {isa = PBXFileReference; lastKnownFileType = wrapper.framework; name = UIKit.framework; path = System/Library/Frameworks/UIKit.framework; sourceTree = SDKROOT; };
		5009CE31163EE7500082C5A7 /* Foundation.framework */ = {isa = PBXFileReference; lastKnownFileType = wrapper.framework; name = Foundation.framework; path = System/Library/Frameworks/Foundation.framework; sourceTree = SDKROOT; };
		5009CE33163EE7500082C5A7 /* CoreGraphics.framework */ = {isa = PBXFileReference; lastKnownFileType = wrapper.framework; name = CoreGraphics.framework; path = System/Library/Frameworks/CoreGraphics.framework; sourceTree = SDKROOT; };
		5009CE37163EE7500082C5A7 /* BallEscape-Info.plist */ = {isa = PBXFileReference; lastKnownFileType = text.plist.xml; path = "BallEscape-Info.plist"; sourceTree = "<group>"; };
		5009CE39163EE7500082C5A7 /* en */ = {isa = PBXFileReference; lastKnownFileType = text.plist.strings; name = en; path = en.lproj/InfoPlist.strings; sourceTree = "<group>"; };
		5009CE3B163EE7500082C5A7 /* main.m */ = {isa = PBXFileReference; lastKnownFileType = sourcecode.c.objc; path = main.m; sourceTree = "<group>"; };
		5009CE3D163EE7500082C5A7 /* BallEscape-Prefix.pch */ = {isa = PBXFileReference; lastKnownFileType = sourcecode.c.h; path = "BallEscape-Prefix.pch"; sourceTree = "<group>"; };
		5009CE3E163EE7500082C5A7 /* AppDelegate.h */ = {isa = PBXFileReference; lastKnownFileType = sourcecode.c.h; path = AppDelegate.h; sourceTree = "<group>"; };
		5009CE3F163EE7500082C5A7 /* AppDelegate.m */ = {isa = PBXFileReference; lastKnownFileType = sourcecode.c.objc; path = AppDelegate.m; sourceTree = "<group>"; };
		5009CE42163EE7500082C5A7 /* en */ = {isa = PBXFileReference; lastKnownFileType = file.storyboard; name = en; path = en.lproj/iPhone.storyboard; sourceTree = "<group>"; };
		5009CE45163EE7500082C5A7 /* en */ = {isa = PBXFileReference; lastKnownFileType = file.storyboard; name = en; path = en.lproj/iPad.storyboard; sourceTree = "<group>"; };
		5009CE47163EE7500082C5A7 /* OpenGLViewController.h */ = {isa = PBXFileReference; lastKnownFileType = sourcecode.c.h; path = OpenGLViewController.h; sourceTree = "<group>"; };
		5009CE48163EE7500082C5A7 /* OpenGLViewController.m */ = {isa = PBXFileReference; lastKnownFileType = sourcecode.c.objc; path = OpenGLViewController.m; sourceTree = "<group>"; };
		5009CE4F163EE7B60082C5A7 /* OpenGLES.framework */ = {isa = PBXFileReference; lastKnownFileType = wrapper.framework; name = OpenGLES.framework; path = System/Library/Frameworks/OpenGLES.framework; sourceTree = SDKROOT; };
		5009CE51163EE7BD0082C5A7 /* QuartzCore.framework */ = {isa = PBXFileReference; lastKnownFileType = wrapper.framework; name = QuartzCore.framework; path = System/Library/Frameworks/QuartzCore.framework; sourceTree = SDKROOT; };
		5009CE53163EE7C40082C5A7 /* GLKit.framework */ = {isa = PBXFileReference; lastKnownFileType = wrapper.framework; name = GLKit.framework; path = System/Library/Frameworks/GLKit.framework; sourceTree = SDKROOT; };
		5009CE71163EF6FA0082C5A7 /* AGLKContext.h */ = {isa = PBXFileReference; fileEncoding = 4; lastKnownFileType = sourcecode.c.h; path = AGLKContext.h; sourceTree = "<group>"; };
		5009CE72163EF6FA0082C5A7 /* AGLKContext.m */ = {isa = PBXFileReference; fileEncoding = 4; lastKnownFileType = sourcecode.c.objc; path = AGLKContext.m; sourceTree = "<group>"; };
		5009CE81163F18100082C5A7 /* UtilityMesh.h */ = {isa = PBXFileReference; fileEncoding = 4; lastKnownFileType = sourcecode.c.h; path = UtilityMesh.h; sourceTree = "<group>"; };
		5009CE82163F18100082C5A7 /* UtilityMesh.m */ = {isa = PBXFileReference; fileEncoding = 4; lastKnownFileType = sourcecode.c.objc; path = UtilityMesh.m; sourceTree = "<group>"; };
		5009CE84163F18210082C5A7 /* UtilityModel.h */ = {isa = PBXFileReference; fileEncoding = 4; lastKnownFileType = sourcecode.c.h; path = UtilityModel.h; sourceTree = "<group>"; };
		5009CE85163F18210082C5A7 /* UtilityModel.m */ = {isa = PBXFileReference; fileEncoding = 4; lastKnownFileType = sourcecode.c.objc; path = UtilityModel.m; sourceTree = "<group>"; };
		5009CE87163F18350082C5A7 /* AGLKAxisAllignedBoundingBox.h */ = {isa = PBXFileReference; fileEncoding = 4; lastKnownFileType = sourcecode.c.h; path = AGLKAxisAllignedBoundingBox.h; sourceTree = "<group>"; };
		5009CE89163F1B210082C5A7 /* UtilityModelManager.h */ = {isa = PBXFileReference; fileEncoding = 4; lastKnownFileType = sourcecode.c.h; path = UtilityModelManager.h; sourceTree = "<group>"; };
		5009CE8A163F1B210082C5A7 /* UtilityModelManager.m */ = {isa = PBXFileReference; fileEncoding = 4; lastKnownFileType = sourcecode.c.objc; path = UtilityModelManager.m; sourceTree = "<group>"; };
		5009CE8C163F1B580082C5A7 /* UtilityModel+viewAdditions.h */ = {isa = PBXFileReference; fileEncoding = 4; lastKnownFileType = sourcecode.c.h; path = "UtilityModel+viewAdditions.h"; sourceTree = "<group>"; };
		5009CE8D163F1B580082C5A7 /* UtilityModel+viewAdditions.m */ = {isa = PBXFileReference; fileEncoding = 4; lastKnownFileType = sourcecode.c.objc; path = "UtilityModel+viewAdditions.m"; sourceTree = "<group>"; };
		5009CE8F163F1B7E0082C5A7 /* UtilityMesh+viewAdditions.h */ = {isa = PBXFileReference; fileEncoding = 4; lastKnownFileType = sourcecode.c.h; path = "UtilityMesh+viewAdditions.h"; sourceTree = "<group>"; };
		5009CE90163F1B7E0082C5A7 /* UtilityMesh+viewAdditions.m */ = {isa = PBXFileReference; fileEncoding = 4; lastKnownFileType = sourcecode.c.objc; path = "UtilityMesh+viewAdditions.m"; sourceTree = "<group>"; };
		5009CE92163F1BA00082C5A7 /* UtilityTextureInfo+viewAdditions.h */ = {isa = PBXFileReference; fileEncoding = 4; lastKnownFileType = sourcecode.c.h; path = "UtilityTextureInfo+viewAdditions.h"; sourceTree = "<group>"; };
		5009CE93163F1BA00082C5A7 /* UtilityTextureInfo+viewAdditions.m */ = {isa = PBXFileReference; fileEncoding = 4; lastKnownFileType = sourcecode.c.objc; path = "UtilityTextureInfo+viewAdditions.m"; sourceTree = "<group>"; };
		5009CE95163F1BAF0082C5A7 /* UtilityTextureInfo.h */ = {isa = PBXFileReference; fileEncoding = 4; lastKnownFileType = sourcecode.c.h; path = UtilityTextureInfo.h; sourceTree = "<group>"; };
		5009CE96163F1BAF0082C5A7 /* UtilityTextureInfo.m */ = {isa = PBXFileReference; fileEncoding = 4; lastKnownFileType = sourcecode.c.objc; path = UtilityTextureInfo.m; sourceTree = "<group>"; };
		506A33A0165535F600792B8A /* GameViewController.h */ = {isa = PBXFileReference; fileEncoding = 4; lastKnownFileType = sourcecode.c.h; path = GameViewController.h; sourceTree = "<group>"; };
		506A33A1165535F600792B8A /* GameViewController.m */ = {isa = PBXFileReference; fileEncoding = 4; lastKnownFileType = sourcecode.c.objc; path = GameViewController.m; sourceTree = "<group>"; };
		507D1CF81651284F007FC594 /* BoardGame.h */ = {isa = PBXFileReference; fileEncoding = 4; lastKnownFileType = sourcecode.c.h; path = BoardGame.h; sourceTree = "<group>"; };
		507D1CF91651284F007FC594 /* BoardGame.m */ = {isa = PBXFileReference; fileEncoding = 4; lastKnownFileType = sourcecode.c.objc; path = BoardGame.m; sourceTree = "<group>"; };
		507D1CFE16512C14007FC594 /* BoardGame+viewAdditions.h */ = {isa = PBXFileReference; fileEncoding = 4; lastKnownFileType = sourcecode.c.h; path = "BoardGame+viewAdditions.h"; sourceTree = "<group>"; };
		507D1CFF16512C14007FC594 /* BoardGame+viewAdditions.m */ = {isa = PBXFileReference; fileEncoding = 4; lastKnownFileType = sourcecode.c.objc; path = "BoardGame+viewAdditions.m"; sourceTree = "<group>"; };
		507D1D0116512F25007FC594 /* Ball+viewAdditions.h */ = {isa = PBXFileReference; fileEncoding = 4; lastKnownFileType = sourcecode.c.h; path = "Ball+viewAdditions.h"; sourceTree = "<group>"; };
		507D1D0216512F25007FC594 /* Ball+viewAdditions.m */ = {isa = PBXFileReference; fileEncoding = 4; lastKnownFileType = sourcecode.c.objc; path = "Ball+viewAdditions.m"; sourceTree = "<group>"; };
		507D1D04165131B2007FC594 /* Wall+viewAdditions.h */ = {isa = PBXFileReference; fileEncoding = 4; lastKnownFileType = sourcecode.c.h; path = "Wall+viewAdditions.h"; sourceTree = "<group>"; };
		507D1D05165131B2007FC594 /* Wall+viewAdditions.m */ = {isa = PBXFileReference; fileEncoding = 4; lastKnownFileType = sourcecode.c.objc; path = "Wall+viewAdditions.m"; sourceTree = "<group>"; };
		509DC3781646CF1D00251009 /* 3DObject.h */ = {isa = PBXFileReference; fileEncoding = 4; lastKnownFileType = sourcecode.c.h; path = 3DObject.h; sourceTree = "<group>"; };
		509DC3791646CF1D00251009 /* 3DObject.m */ = {isa = PBXFileReference; fileEncoding = 4; lastKnownFileType = sourcecode.c.objc; path = 3DObject.m; sourceTree = "<group>"; };
		509DC37C1646D19B00251009 /* Wall.h */ = {isa = PBXFileReference; fileEncoding = 4; lastKnownFileType = sourcecode.c.h; path = Wall.h; sourceTree = "<group>"; };
		509DC37D1646D19B00251009 /* Wall.m */ = {isa = PBXFileReference; fileEncoding = 4; lastKnownFileType = sourcecode.c.objc; path = Wall.m; sourceTree = "<group>"; };
		50B45B9D166CBD1800CAF2D2 /* level1.gameplist */ = {isa = PBXFileReference; fileEncoding = 4; lastKnownFileType = text; path = level1.gameplist; sourceTree = "<group>"; };
		50D848891657F92F003DEEB5 /* CoreMotion.framework */ = {isa = PBXFileReference; lastKnownFileType = wrapper.framework; name = CoreMotion.framework; path = System/Library/Frameworks/CoreMotion.framework; sourceTree = SDKROOT; };
		50D848901658E23E003DEEB5 /* MainViewController.h */ = {isa = PBXFileReference; fileEncoding = 4; lastKnownFileType = sourcecode.c.h; path = MainViewController.h; sourceTree = "<group>"; };
		50D848911658E23F003DEEB5 /* MainViewController.m */ = {isa = PBXFileReference; fileEncoding = 4; lastKnownFileType = sourcecode.c.objc; path = MainViewController.m; sourceTree = "<group>"; };
		50D848931658F5DD003DEEB5 /* HighScoresViewController.h */ = {isa = PBXFileReference; fileEncoding = 4; lastKnownFileType = sourcecode.c.h; path = HighScoresViewController.h; sourceTree = "<group>"; };
		50D848941658F5DD003DEEB5 /* HighScoresViewController.m */ = {isa = PBXFileReference; fileEncoding = 4; lastKnownFileType = sourcecode.c.objc; path = HighScoresViewController.m; sourceTree = "<group>"; };
		50D8489C165BE7A6003DEEB5 /* CoreData.framework */ = {isa = PBXFileReference; lastKnownFileType = wrapper.framework; name = CoreData.framework; path = System/Library/Frameworks/CoreData.framework; sourceTree = SDKROOT; };
		50D848DB165D260C003DEEB5 /* Score.h */ = {isa = PBXFileReference; fileEncoding = 4; lastKnownFileType = sourcecode.c.h; path = Score.h; sourceTree = "<group>"; };
		50D848DC165D260C003DEEB5 /* Score.m */ = {isa = PBXFileReference; fileEncoding = 4; lastKnownFileType = sourcecode.c.objc; path = Score.m; sourceTree = "<group>"; };
		50D848E8165FC99F003DEEB5 /* NSDictionary+fileAdditions.h */ = {isa = PBXFileReference; fileEncoding = 4; lastKnownFileType = sourcecode.c.h; path = "NSDictionary+fileAdditions.h"; sourceTree = "<group>"; };
		50D848E9165FC9A0003DEEB5 /* NSDictionary+fileAdditions.m */ = {isa = PBXFileReference; fileEncoding = 4; lastKnownFileType = sourcecode.c.objc; path = "NSDictionary+fileAdditions.m"; sourceTree = "<group>"; };
		50D848EC16628705003DEEB5 /* SettingsViewController.h */ = {isa = PBXFileReference; fileEncoding = 4; lastKnownFileType = sourcecode.c.h; path = SettingsViewController.h; sourceTree = "<group>"; };
		50D848ED16628706003DEEB5 /* SettingsViewController.m */ = {isa = PBXFileReference; fileEncoding = 4; lastKnownFileType = sourcecode.c.objc; path = SettingsViewController.m; sourceTree = "<group>"; };
		50D848EF16628A35003DEEB5 /* AboutMeViewController.h */ = {isa = PBXFileReference; fileEncoding = 4; lastKnownFileType = sourcecode.c.h; path = AboutMeViewController.h; sourceTree = "<group>"; };
		50D848F016628A35003DEEB5 /* AboutMeViewController.m */ = {isa = PBXFileReference; fileEncoding = 4; lastKnownFileType = sourcecode.c.objc; path = AboutMeViewController.m; sourceTree = "<group>"; };
		50D848F616652BDE003DEEB5 /* GameCharacterLogicController.h */ = {isa = PBXFileReference; fileEncoding = 4; lastKnownFileType = sourcecode.c.h; path = GameCharacterLogicController.h; sourceTree = "<group>"; };
		50D848F816652D81003DEEB5 /* GameCharacter.h */ = {isa = PBXFileReference; fileEncoding = 4; lastKnownFileType = sourcecode.c.h; path = GameCharacter.h; sourceTree = "<group>"; };
		50D848F916652D81003DEEB5 /* GameCharacter.m */ = {isa = PBXFileReference; fileEncoding = 4; lastKnownFileType = sourcecode.c.objc; path = GameCharacter.m; sourceTree = "<group>"; };
		50D848FB1665FE7B003DEEB5 /* Ghost.h */ = {isa = PBXFileReference; fileEncoding = 4; lastKnownFileType = sourcecode.c.h; path = Ghost.h; sourceTree = "<group>"; };
		50D848FC1665FE7B003DEEB5 /* Ghost.m */ = {isa = PBXFileReference; fileEncoding = 4; lastKnownFileType = sourcecode.c.objc; path = Ghost.m; sourceTree = "<group>"; };
		50D84902166611DB003DEEB5 /* Ghost+viewAdditions.h */ = {isa = PBXFileReference; fileEncoding = 4; lastKnownFileType = sourcecode.c.h; path = "Ghost+viewAdditions.h"; sourceTree = "<group>"; };
		50D84903166611DC003DEEB5 /* Ghost+viewAdditions.m */ = {isa = PBXFileReference; fileEncoding = 4; lastKnownFileType = sourcecode.c.objc; path = "Ghost+viewAdditions.m"; sourceTree = "<group>"; };
		50D8490516661394003DEEB5 /* ballEscape.modelplist */ = {isa = PBXFileReference; lastKnownFileType = file.bplist; path = ballEscape.modelplist; sourceTree = "<group>"; };
		50FCF55616492830008CD89E /* LevelManager.h */ = {isa = PBXFileReference; fileEncoding = 4; lastKnownFileType = sourcecode.c.h; path = LevelManager.h; sourceTree = "<group>"; };
		50FCF55716492830008CD89E /* LevelManager.m */ = {isa = PBXFileReference; fileEncoding = 4; lastKnownFileType = sourcecode.c.objc; path = LevelManager.m; sourceTree = "<group>"; };
		50FCF5D5164AF7D5008CD89E /* level0.txt */ = {isa = PBXFileReference; fileEncoding = 4; lastKnownFileType = text; path = level0.txt; sourceTree = "<group>"; };
		50FCF5DD164BA249008CD89E /* Ball.h */ = {isa = PBXFileReference; fileEncoding = 4; lastKnownFileType = sourcecode.c.h; path = Ball.h; sourceTree = "<group>"; };
		50FCF5DE164BA249008CD89E /* Ball.m */ = {isa = PBXFileReference; fileEncoding = 4; lastKnownFileType = sourcecode.c.objc; path = Ball.m; sourceTree = "<group>"; };
		50FCF5E2164BC83F008CD89E /* ObjectController.h */ = {isa = PBXFileReference; fileEncoding = 4; lastKnownFileType = sourcecode.c.h; path = ObjectController.h; sourceTree = "<group>"; };
/* End PBXFileReference section */

/* Begin PBXFrameworksBuildPhase section */
		5009CE28163EE7500082C5A7 /* Frameworks */ = {
			isa = PBXFrameworksBuildPhase;
			buildActionMask = 2147483647;
			files = (
				50D8489D165BE7A6003DEEB5 /* CoreData.framework in Frameworks */,
				50D8488A1657F92F003DEEB5 /* CoreMotion.framework in Frameworks */,
				5009CE54163EE7C40082C5A7 /* GLKit.framework in Frameworks */,
				5009CE52163EE7BD0082C5A7 /* QuartzCore.framework in Frameworks */,
				5009CE50163EE7B60082C5A7 /* OpenGLES.framework in Frameworks */,
				5009CE30163EE7500082C5A7 /* UIKit.framework in Frameworks */,
				5009CE32163EE7500082C5A7 /* Foundation.framework in Frameworks */,
				5009CE34163EE7500082C5A7 /* CoreGraphics.framework in Frameworks */,
			);
			runOnlyForDeploymentPostprocessing = 0;
		};
/* End PBXFrameworksBuildPhase section */

/* Begin PBXGroup section */
		5009CE20163EE7500082C5A7 = {
			isa = PBXGroup;
			children = (
				5009CE35163EE7500082C5A7 /* BallEscape */,
				5009CE2E163EE7500082C5A7 /* Frameworks */,
				5009CE2C163EE7500082C5A7 /* Products */,
			);
			sourceTree = "<group>";
		};
		5009CE2C163EE7500082C5A7 /* Products */ = {
			isa = PBXGroup;
			children = (
				5009CE2B163EE7500082C5A7 /* BallEscape.app */,
			);
			name = Products;
			sourceTree = "<group>";
		};
		5009CE2E163EE7500082C5A7 /* Frameworks */ = {
			isa = PBXGroup;
			children = (
				50D8489C165BE7A6003DEEB5 /* CoreData.framework */,
				50D848891657F92F003DEEB5 /* CoreMotion.framework */,
				5009CE53163EE7C40082C5A7 /* GLKit.framework */,
				5009CE51163EE7BD0082C5A7 /* QuartzCore.framework */,
				5009CE4F163EE7B60082C5A7 /* OpenGLES.framework */,
				5009CE2F163EE7500082C5A7 /* UIKit.framework */,
				5009CE31163EE7500082C5A7 /* Foundation.framework */,
				5009CE33163EE7500082C5A7 /* CoreGraphics.framework */,
			);
			name = Frameworks;
			sourceTree = "<group>";
		};
		5009CE35163EE7500082C5A7 /* BallEscape */ = {
			isa = PBXGroup;
			children = (
				5009CE9E163F1FD80082C5A7 /* Game files */,
				506A33A0165535F600792B8A /* GameViewController.h */,
				506A33A1165535F600792B8A /* GameViewController.m */,
				50D848931658F5DD003DEEB5 /* HighScoresViewController.h */,
				50D848941658F5DD003DEEB5 /* HighScoresViewController.m */,
				5009CE44163EE7500082C5A7 /* iPad.storyboard */,
				5009CE41163EE7500082C5A7 /* iPhone.storyboard */,
				50D848901658E23E003DEEB5 /* MainViewController.h */,
				50D848911658E23F003DEEB5 /* MainViewController.m */,
				50D848E8165FC99F003DEEB5 /* NSDictionary+fileAdditions.h */,
				50D848E9165FC9A0003DEEB5 /* NSDictionary+fileAdditions.m */,
				5009CE3E163EE7500082C5A7 /* AppDelegate.h */,
				5009CE3F163EE7500082C5A7 /* AppDelegate.m */,
				506A33A316565D3A00792B8A /* OpenGLMVC */,
				50D848DB165D260C003DEEB5 /* Score.h */,
				50D848DC165D260C003DEEB5 /* Score.m */,
				5009CE36163EE7500082C5A7 /* Supporting Files */,
				50D848EC16628705003DEEB5 /* SettingsViewController.h */,
				50D848ED16628706003DEEB5 /* SettingsViewController.m */,
				50D848EF16628A35003DEEB5 /* AboutMeViewController.h */,
				50D848F016628A35003DEEB5 /* AboutMeViewController.m */,
			);
			path = BallEscape;
			sourceTree = "<group>";
		};
		5009CE36163EE7500082C5A7 /* Supporting Files */ = {
			isa = PBXGroup;
			children = (
				5009CE37163EE7500082C5A7 /* BallEscape-Info.plist */,
				5009CE38163EE7500082C5A7 /* InfoPlist.strings */,
				5009CE3B163EE7500082C5A7 /* main.m */,
				5009CE3D163EE7500082C5A7 /* BallEscape-Prefix.pch */,
			);
			name = "Supporting Files";
			sourceTree = "<group>";
		};
		5009CE74163F01A30082C5A7 /* AGLKit */ = {
			isa = PBXGroup;
			children = (
				5009CE87163F18350082C5A7 /* AGLKAxisAllignedBoundingBox.h */,
				5009CE71163EF6FA0082C5A7 /* AGLKContext.h */,
				5009CE72163EF6FA0082C5A7 /* AGLKContext.m */,
			);
			name = AGLKit;
			sourceTree = "<group>";
		};
		5009CE75163F01C50082C5A7 /* Controller */ = {
			isa = PBXGroup;
			children = (
				5009CE47163EE7500082C5A7 /* OpenGLViewController.h */,
				5009CE48163EE7500082C5A7 /* OpenGLViewController.m */,
			);
			name = Controller;
			sourceTree = "<group>";
		};
		5009CE76163F14540082C5A7 /* Model */ = {
			isa = PBXGroup;
			children = (
				509DC3781646CF1D00251009 /* 3DObject.h */,
				509DC3791646CF1D00251009 /* 3DObject.m */,
				50FCF5DD164BA249008CD89E /* Ball.h */,
				50FCF5DE164BA249008CD89E /* Ball.m */,
				507D1CF81651284F007FC594 /* BoardGame.h */,
				507D1CF91651284F007FC594 /* BoardGame.m */,
				50D848F816652D81003DEEB5 /* GameCharacter.h */,
				50D848F916652D81003DEEB5 /* GameCharacter.m */,
				50D848F616652BDE003DEEB5 /* GameCharacterLogicController.h */,
				50FCF55616492830008CD89E /* LevelManager.h */,
				50FCF55716492830008CD89E /* LevelManager.m */,
				50FCF5E2164BC83F008CD89E /* ObjectController.h */,
				5009CE81163F18100082C5A7 /* UtilityMesh.h */,
				5009CE82163F18100082C5A7 /* UtilityMesh.m */,
				5009CE84163F18210082C5A7 /* UtilityModel.h */,
				5009CE85163F18210082C5A7 /* UtilityModel.m */,
				5009CE95163F1BAF0082C5A7 /* UtilityTextureInfo.h */,
				5009CE96163F1BAF0082C5A7 /* UtilityTextureInfo.m */,
				509DC37C1646D19B00251009 /* Wall.h */,
				509DC37D1646D19B00251009 /* Wall.m */,
				50D848FB1665FE7B003DEEB5 /* Ghost.h */,
				50D848FC1665FE7B003DEEB5 /* Ghost.m */,
			);
			name = Model;
			sourceTree = "<group>";
		};
		5009CE88163F1AA50082C5A7 /* View */ = {
			isa = PBXGroup;
			children = (
				5009CE8F163F1B7E0082C5A7 /* UtilityMesh+viewAdditions.h */,
				5009CE90163F1B7E0082C5A7 /* UtilityMesh+viewAdditions.m */,
				5009CE8C163F1B580082C5A7 /* UtilityModel+viewAdditions.h */,
				507D1D0116512F25007FC594 /* Ball+viewAdditions.h */,
				507D1D0216512F25007FC594 /* Ball+viewAdditions.m */,
				50D84902166611DB003DEEB5 /* Ghost+viewAdditions.h */,
				50D84903166611DC003DEEB5 /* Ghost+viewAdditions.m */,
				507D1CFE16512C14007FC594 /* BoardGame+viewAdditions.h */,
				507D1CFF16512C14007FC594 /* BoardGame+viewAdditions.m */,
				5009CE8D163F1B580082C5A7 /* UtilityModel+viewAdditions.m */,
				5009CE89163F1B210082C5A7 /* UtilityModelManager.h */,
				5009CE8A163F1B210082C5A7 /* UtilityModelManager.m */,
				5009CE92163F1BA00082C5A7 /* UtilityTextureInfo+viewAdditions.h */,
				5009CE93163F1BA00082C5A7 /* UtilityTextureInfo+viewAdditions.m */,
				507D1D04165131B2007FC594 /* Wall+viewAdditions.h */,
				507D1D05165131B2007FC594 /* Wall+viewAdditions.m */,
			);
			name = View;
			sourceTree = "<group>";
		};
		5009CE9E163F1FD80082C5A7 /* Game files */ = {
			isa = PBXGroup;
			children = (
				50D8490516661394003DEEB5 /* ballEscape.modelplist */,
				50FCF5D5164AF7D5008CD89E /* level0.txt */,
				50B45B9D166CBD1800CAF2D2 /* level1.gameplist */,
			);
			name = "Game files";
			sourceTree = "<group>";
		};
		506A33A316565D3A00792B8A /* OpenGLMVC */ = {
			isa = PBXGroup;
			children = (
				5009CE74163F01A30082C5A7 /* AGLKit */,
				5009CE75163F01C50082C5A7 /* Controller */,
				5009CE76163F14540082C5A7 /* Model */,
				5009CE88163F1AA50082C5A7 /* View */,
			);
			name = OpenGLMVC;
			sourceTree = "<group>";
		};
/* End PBXGroup section */

/* Begin PBXNativeTarget section */
		5009CE2A163EE7500082C5A7 /* BallEscape */ = {
			isa = PBXNativeTarget;
			buildConfigurationList = 5009CE4C163EE7500082C5A7 /* Build configuration list for PBXNativeTarget "BallEscape" */;
			buildPhases = (
				5009CE27163EE7500082C5A7 /* Sources */,
				5009CE28163EE7500082C5A7 /* Frameworks */,
				5009CE29163EE7500082C5A7 /* Resources */,
			);
			buildRules = (
			);
			dependencies = (
			);
			name = BallEscape;
			productName = BallEscape;
			productReference = 5009CE2B163EE7500082C5A7 /* BallEscape.app */;
			productType = "com.apple.product-type.application";
		};
/* End PBXNativeTarget section */

/* Begin PBXProject section */
		5009CE22163EE7500082C5A7 /* Project object */ = {
			isa = PBXProject;
			attributes = {
				LastUpgradeCheck = 0420;
			};
			buildConfigurationList = 5009CE25163EE7500082C5A7 /* Build configuration list for PBXProject "BallEscape" */;
			compatibilityVersion = "Xcode 3.2";
			developmentRegion = English;
			hasScannedForEncodings = 0;
			knownRegions = (
				en,
			);
			mainGroup = 5009CE20163EE7500082C5A7;
			productRefGroup = 5009CE2C163EE7500082C5A7 /* Products */;
			projectDirPath = "";
			projectRoot = "";
			targets = (
				5009CE2A163EE7500082C5A7 /* BallEscape */,
			);
		};
/* End PBXProject section */

/* Begin PBXResourcesBuildPhase section */
		5009CE29163EE7500082C5A7 /* Resources */ = {
			isa = PBXResourcesBuildPhase;
			buildActionMask = 2147483647;
			files = (
				5009CE3A163EE7500082C5A7 /* InfoPlist.strings in Resources */,
				5009CE43163EE7500082C5A7 /* iPhone.storyboard in Resources */,
				5009CE46163EE7500082C5A7 /* iPad.storyboard in Resources */,
				50FCF5D6164AF7D5008CD89E /* level0.txt in Resources */,
				50D8490616661394003DEEB5 /* ballEscape.modelplist in Resources */,
				50B45B9E166CBD1800CAF2D2 /* level1.gameplist in Resources */,
			);
			runOnlyForDeploymentPostprocessing = 0;
		};
/* End PBXResourcesBuildPhase section */

/* Begin PBXSourcesBuildPhase section */
		5009CE27163EE7500082C5A7 /* Sources */ = {
			isa = PBXSourcesBuildPhase;
			buildActionMask = 2147483647;
			files = (
				5009CE3C163EE7500082C5A7 /* main.m in Sources */,
				5009CE40163EE7500082C5A7 /* AppDelegate.m in Sources */,
				5009CE49163EE7500082C5A7 /* OpenGLViewController.m in Sources */,
				5009CE73163EF6FA0082C5A7 /* AGLKContext.m in Sources */,
				5009CE83163F18100082C5A7 /* UtilityMesh.m in Sources */,
				5009CE86163F18210082C5A7 /* UtilityModel.m in Sources */,
				5009CE8B163F1B210082C5A7 /* UtilityModelManager.m in Sources */,
				5009CE8E163F1B580082C5A7 /* UtilityModel+viewAdditions.m in Sources */,
				5009CE91163F1B7E0082C5A7 /* UtilityMesh+viewAdditions.m in Sources */,
				5009CE94163F1BA00082C5A7 /* UtilityTextureInfo+viewAdditions.m in Sources */,
				5009CE97163F1BAF0082C5A7 /* UtilityTextureInfo.m in Sources */,
				509DC37A1646CF1D00251009 /* 3DObject.m in Sources */,
				509DC37E1646D19B00251009 /* Wall.m in Sources */,
				50FCF55816492830008CD89E /* LevelManager.m in Sources */,
				50FCF5DF164BA249008CD89E /* Ball.m in Sources */,
				507D1CFA1651284F007FC594 /* BoardGame.m in Sources */,
				507D1D0016512C14007FC594 /* BoardGame+viewAdditions.m in Sources */,
				507D1D0316512F25007FC594 /* Ball+viewAdditions.m in Sources */,
				507D1D06165131B2007FC594 /* Wall+viewAdditions.m in Sources */,
				506A33A2165535F600792B8A /* GameViewController.m in Sources */,
				50D848921658E23F003DEEB5 /* MainViewController.m in Sources */,
				50D848951658F5DD003DEEB5 /* HighScoresViewController.m in Sources */,
				50D848DD165D260C003DEEB5 /* Score.m in Sources */,
				50D848EA165FC9A0003DEEB5 /* NSDictionary+fileAdditions.m in Sources */,
				50D848EE16628707003DEEB5 /* SettingsViewController.m in Sources */,
				50D848F116628A35003DEEB5 /* AboutMeViewController.m in Sources */,
				50D848FA16652D82003DEEB5 /* GameCharacter.m in Sources */,
				50D848FD1665FE7D003DEEB5 /* Ghost.m in Sources */,
				50D84904166611DC003DEEB5 /* Ghost+viewAdditions.m in Sources */,
			);
			runOnlyForDeploymentPostprocessing = 0;
		};
/* End PBXSourcesBuildPhase section */

/* Begin PBXVariantGroup section */
		5009CE38163EE7500082C5A7 /* InfoPlist.strings */ = {
			isa = PBXVariantGroup;
			children = (
				5009CE39163EE7500082C5A7 /* en */,
			);
			name = InfoPlist.strings;
			sourceTree = "<group>";
		};
		5009CE41163EE7500082C5A7 /* iPhone.storyboard */ = {
			isa = PBXVariantGroup;
			children = (
				5009CE42163EE7500082C5A7 /* en */,
			);
			name = iPhone.storyboard;
			sourceTree = "<group>";
		};
		5009CE44163EE7500082C5A7 /* iPad.storyboard */ = {
			isa = PBXVariantGroup;
			children = (
				5009CE45163EE7500082C5A7 /* en */,
			);
			name = iPad.storyboard;
			sourceTree = "<group>";
		};
/* End PBXVariantGroup section */

/* Begin XCBuildConfiguration section */
		5009CE4A163EE7500082C5A7 /* Debug */ = {
			isa = XCBuildConfiguration;
			buildSettings = {
				ALWAYS_SEARCH_USER_PATHS = NO;
				ARCHS = "$(ARCHS_STANDARD_32_BIT)";
				CLANG_ENABLE_OBJC_ARC = YES;
				"CODE_SIGN_IDENTITY[sdk=iphoneos*]" = "iPhone Developer";
				COPY_PHASE_STRIP = NO;
				GCC_C_LANGUAGE_STANDARD = gnu99;
				GCC_DYNAMIC_NO_PIC = NO;
				GCC_OPTIMIZATION_LEVEL = 0;
				GCC_PREPROCESSOR_DEFINITIONS = (
					"DEBUG=1",
					"$(inherited)",
				);
				GCC_SYMBOLS_PRIVATE_EXTERN = NO;
				GCC_VERSION = com.apple.compilers.llvm.clang.1_0;
				GCC_WARN_ABOUT_MISSING_PROTOTYPES = YES;
				GCC_WARN_ABOUT_RETURN_TYPE = YES;
				GCC_WARN_UNUSED_VARIABLE = YES;
				IPHONEOS_DEPLOYMENT_TARGET = 5.0;
				SDKROOT = iphoneos;
				TARGETED_DEVICE_FAMILY = "1,2";
			};
			name = Debug;
		};
		5009CE4B163EE7500082C5A7 /* Release */ = {
			isa = XCBuildConfiguration;
			buildSettings = {
				ALWAYS_SEARCH_USER_PATHS = NO;
				ARCHS = "$(ARCHS_STANDARD_32_BIT)";
				CLANG_ENABLE_OBJC_ARC = YES;
				"CODE_SIGN_IDENTITY[sdk=iphoneos*]" = "iPhone Developer";
				COPY_PHASE_STRIP = YES;
				GCC_C_LANGUAGE_STANDARD = gnu99;
				GCC_VERSION = com.apple.compilers.llvm.clang.1_0;
				GCC_WARN_ABOUT_MISSING_PROTOTYPES = YES;
				GCC_WARN_ABOUT_RETURN_TYPE = YES;
				GCC_WARN_UNUSED_VARIABLE = YES;
				IPHONEOS_DEPLOYMENT_TARGET = 5.0;
				OTHER_CFLAGS = "-DNS_BLOCK_ASSERTIONS=1";
				SDKROOT = iphoneos;
				TARGETED_DEVICE_FAMILY = "1,2";
				VALIDATE_PRODUCT = YES;
			};
			name = Release;
		};
		5009CE4D163EE7500082C5A7 /* Debug */ = {
			isa = XCBuildConfiguration;
			buildSettings = {
				GCC_PRECOMPILE_PREFIX_HEADER = YES;
				GCC_PREFIX_HEADER = "BallEscape/BallEscape-Prefix.pch";
				INFOPLIST_FILE = "BallEscape/BallEscape-Info.plist";
				PRODUCT_NAME = "$(TARGET_NAME)";
				WRAPPER_EXTENSION = app;
			};
			name = Debug;
		};
		5009CE4E163EE7500082C5A7 /* Release */ = {
			isa = XCBuildConfiguration;
			buildSettings = {
				GCC_PRECOMPILE_PREFIX_HEADER = YES;
				GCC_PREFIX_HEADER = "BallEscape/BallEscape-Prefix.pch";
				INFOPLIST_FILE = "BallEscape/BallEscape-Info.plist";
				PRODUCT_NAME = "$(TARGET_NAME)";
				WRAPPER_EXTENSION = app;
			};
			name = Release;
		};
/* End XCBuildConfiguration section */

/* Begin XCConfigurationList section */
		5009CE25163EE7500082C5A7 /* Build configuration list for PBXProject "BallEscape" */ = {
			isa = XCConfigurationList;
			buildConfigurations = (
				5009CE4A163EE7500082C5A7 /* Debug */,
				5009CE4B163EE7500082C5A7 /* Release */,
			);
			defaultConfigurationIsVisible = 0;
			defaultConfigurationName = Release;
		};
		5009CE4C163EE7500082C5A7 /* Build configuration list for PBXNativeTarget "BallEscape" */ = {
			isa = XCConfigurationList;
			buildConfigurations = (
				5009CE4D163EE7500082C5A7 /* Debug */,
				5009CE4E163EE7500082C5A7 /* Release */,
			);
			defaultConfigurationIsVisible = 0;
			defaultConfigurationName = Release;
		};
/* End XCConfigurationList section */
	};
	rootObject = 5009CE22163EE7500082C5A7 /* Project object */;
}
