// !$*UTF8*$!
{
	archiveVersion = 1;
	classes = {
	};
	objectVersion = 46;
	objects = {

/* Begin PBXBuildFile section */
		5009CE30163EE7500082C5A7 /* UIKit.framework in Frameworks */ = {isa = PBXBuildFile; fileRef = 5009CE2F163EE7500082C5A7 /* UIKit.framework */; };
		5009CE32163EE7500082C5A7 /* Foundation.framework in Frameworks */ = {isa = PBXBuildFile; fileRef = 5009CE31163EE7500082C5A7 /* Foundation.framework */; };
		5009CE34163EE7500082C5A7 /* CoreGraphics.framework in Frameworks */ = {isa = PBXBuildFile; fileRef = 5009CE33163EE7500082C5A7 /* CoreGraphics.framework */; };
		5009CE3A163EE7500082C5A7 /* InfoPlist.strings in Resources */ = {isa = PBXBuildFile; fileRef = 5009CE38163EE7500082C5A7 /* InfoPlist.strings */; };
		5009CE3C163EE7500082C5A7 /* main.m in Sources */ = {isa = PBXBuildFile; fileRef = 5009CE3B163EE7500082C5A7 /* main.m */; };
		5009CE40163EE7500082C5A7 /* OpenGLAppDelegate.m in Sources */ = {isa = PBXBuildFile; fileRef = 5009CE3F163EE7500082C5A7 /* OpenGLAppDelegate.m */; };
		5009CE43163EE7500082C5A7 /* MainStoryboard_iPhone.storyboard in Resources */ = {isa = PBXBuildFile; fileRef = 5009CE41163EE7500082C5A7 /* MainStoryboard_iPhone.storyboard */; };
		5009CE46163EE7500082C5A7 /* MainStoryboard_iPad.storyboard in Resources */ = {isa = PBXBuildFile; fileRef = 5009CE44163EE7500082C5A7 /* MainStoryboard_iPad.storyboard */; };
		5009CE49163EE7500082C5A7 /* OpenGLViewController.m in Sources */ = {isa = PBXBuildFile; fileRef = 5009CE48163EE7500082C5A7 /* OpenGLViewController.m */; };
		5009CE50163EE7B60082C5A7 /* OpenGLES.framework in Frameworks */ = {isa = PBXBuildFile; fileRef = 5009CE4F163EE7B60082C5A7 /* OpenGLES.framework */; };
		5009CE52163EE7BD0082C5A7 /* QuartzCore.framework in Frameworks */ = {isa = PBXBuildFile; fileRef = 5009CE51163EE7BD0082C5A7 /* QuartzCore.framework */; };
		5009CE54163EE7C40082C5A7 /* GLKit.framework in Frameworks */ = {isa = PBXBuildFile; fileRef = 5009CE53163EE7C40082C5A7 /* GLKit.framework */; };
		5009CE73163EF6FA0082C5A7 /* AGLKContext.m in Sources */ = {isa = PBXBuildFile; fileRef = 5009CE72163EF6FA0082C5A7 /* AGLKContext.m */; };
		5009CE83163F18100082C5A7 /* UtilityMesh.m in Sources */ = {isa = PBXBuildFile; fileRef = 5009CE82163F18100082C5A7 /* UtilityMesh.m */; };
		5009CE86163F18210082C5A7 /* UtilityModel.m in Sources */ = {isa = PBXBuildFile; fileRef = 5009CE85163F18210082C5A7 /* UtilityModel.m */; };
		5009CE8B163F1B210082C5A7 /* UtilityModelManager.m in Sources */ = {isa = PBXBuildFile; fileRef = 5009CE8A163F1B210082C5A7 /* UtilityModelManager.m */; };
		5009CE8E163F1B580082C5A7 /* UtilityModel+viewAdditions.m in Sources */ = {isa = PBXBuildFile; fileRef = 5009CE8D163F1B580082C5A7 /* UtilityModel+viewAdditions.m */; };
		5009CE91163F1B7E0082C5A7 /* UtilityMesh+viewAdditions.m in Sources */ = {isa = PBXBuildFile; fileRef = 5009CE90163F1B7E0082C5A7 /* UtilityMesh+viewAdditions.m */; };
		5009CE94163F1BA00082C5A7 /* UtilityTextureInfo+viewAdditions.m in Sources */ = {isa = PBXBuildFile; fileRef = 5009CE93163F1BA00082C5A7 /* UtilityTextureInfo+viewAdditions.m */; };
		5009CE97163F1BAF0082C5A7 /* UtilityTextureInfo.m in Sources */ = {isa = PBXBuildFile; fileRef = 5009CE96163F1BAF0082C5A7 /* UtilityTextureInfo.m */; };
		5009CEBE164179A70082C5A7 /* texture3.jpg in Resources */ = {isa = PBXBuildFile; fileRef = 5009CEBA164179A50082C5A7 /* texture3.jpg */; };
		50896C7816466CD80017F22D /* board.modelplist in Resources */ = {isa = PBXBuildFile; fileRef = 50896C7716466CD80017F22D /* board.modelplist */; };
/* End PBXBuildFile section */

/* Begin PBXFileReference section */
		5009CE2B163EE7500082C5A7 /* BallEscape.app */ = {isa = PBXFileReference; explicitFileType = wrapper.application; includeInIndex = 0; path = BallEscape.app; sourceTree = BUILT_PRODUCTS_DIR; };
		5009CE2F163EE7500082C5A7 /* UIKit.framework */ = {isa = PBXFileReference; lastKnownFileType = wrapper.framework; name = UIKit.framework; path = System/Library/Frameworks/UIKit.framework; sourceTree = SDKROOT; };
		5009CE31163EE7500082C5A7 /* Foundation.framework */ = {isa = PBXFileReference; lastKnownFileType = wrapper.framework; name = Foundation.framework; path = System/Library/Frameworks/Foundation.framework; sourceTree = SDKROOT; };
		5009CE33163EE7500082C5A7 /* CoreGraphics.framework */ = {isa = PBXFileReference; lastKnownFileType = wrapper.framework; name = CoreGraphics.framework; path = System/Library/Frameworks/CoreGraphics.framework; sourceTree = SDKROOT; };
		5009CE37163EE7500082C5A7 /* BallEscape-Info.plist */ = {isa = PBXFileReference; lastKnownFileType = text.plist.xml; path = "BallEscape-Info.plist"; sourceTree = "<group>"; };
		5009CE39163EE7500082C5A7 /* en */ = {isa = PBXFileReference; lastKnownFileType = text.plist.strings; name = en; path = en.lproj/InfoPlist.strings; sourceTree = "<group>"; };
		5009CE3B163EE7500082C5A7 /* main.m */ = {isa = PBXFileReference; lastKnownFileType = sourcecode.c.objc; path = main.m; sourceTree = "<group>"; };
		5009CE3D163EE7500082C5A7 /* BallEscape-Prefix.pch */ = {isa = PBXFileReference; lastKnownFileType = sourcecode.c.h; path = "BallEscape-Prefix.pch"; sourceTree = "<group>"; };
		5009CE3E163EE7500082C5A7 /* OpenGLAppDelegate.h */ = {isa = PBXFileReference; lastKnownFileType = sourcecode.c.h; path = OpenGLAppDelegate.h; sourceTree = "<group>"; };
		5009CE3F163EE7500082C5A7 /* OpenGLAppDelegate.m */ = {isa = PBXFileReference; lastKnownFileType = sourcecode.c.objc; path = OpenGLAppDelegate.m; sourceTree = "<group>"; };
		5009CE42163EE7500082C5A7 /* en */ = {isa = PBXFileReference; lastKnownFileType = file.storyboard; name = en; path = en.lproj/MainStoryboard_iPhone.storyboard; sourceTree = "<group>"; };
		5009CE45163EE7500082C5A7 /* en */ = {isa = PBXFileReference; lastKnownFileType = file.storyboard; name = en; path = en.lproj/MainStoryboard_iPad.storyboard; sourceTree = "<group>"; };
		5009CE47163EE7500082C5A7 /* OpenGLViewController.h */ = {isa = PBXFileReference; lastKnownFileType = sourcecode.c.h; path = OpenGLViewController.h; sourceTree = "<group>"; };
		5009CE48163EE7500082C5A7 /* OpenGLViewController.m */ = {isa = PBXFileReference; lastKnownFileType = sourcecode.c.objc; path = OpenGLViewController.m; sourceTree = "<group>"; };
		5009CE4F163EE7B60082C5A7 /* OpenGLES.framework */ = {isa = PBXFileReference; lastKnownFileType = wrapper.framework; name = OpenGLES.framework; path = System/Library/Frameworks/OpenGLES.framework; sourceTree = SDKROOT; };
		5009CE51163EE7BD0082C5A7 /* QuartzCore.framework */ = {isa = PBXFileReference; lastKnownFileType = wrapper.framework; name = QuartzCore.framework; path = System/Library/Frameworks/QuartzCore.framework; sourceTree = SDKROOT; };
		5009CE53163EE7C40082C5A7 /* GLKit.framework */ = {isa = PBXFileReference; lastKnownFileType = wrapper.framework; name = GLKit.framework; path = System/Library/Frameworks/GLKit.framework; sourceTree = SDKROOT; };
		5009CE71163EF6FA0082C5A7 /* AGLKContext.h */ = {isa = PBXFileReference; fileEncoding = 4; lastKnownFileType = sourcecode.c.h; path = AGLKContext.h; sourceTree = "<group>"; };
		5009CE72163EF6FA0082C5A7 /* AGLKContext.m */ = {isa = PBXFileReference; fileEncoding = 4; lastKnownFileType = sourcecode.c.objc; path = AGLKContext.m; sourceTree = "<group>"; };
		5009CE81163F18100082C5A7 /* UtilityMesh.h */ = {isa = PBXFileReference; fileEncoding = 4; lastKnownFileType = sourcecode.c.h; path = UtilityMesh.h; sourceTree = "<group>"; };
		5009CE82163F18100082C5A7 /* UtilityMesh.m */ = {isa = PBXFileReference; fileEncoding = 4; lastKnownFileType = sourcecode.c.objc; path = UtilityMesh.m; sourceTree = "<group>"; };
		5009CE84163F18210082C5A7 /* UtilityModel.h */ = {isa = PBXFileReference; fileEncoding = 4; lastKnownFileType = sourcecode.c.h; path = UtilityModel.h; sourceTree = "<group>"; };
		5009CE85163F18210082C5A7 /* UtilityModel.m */ = {isa = PBXFileReference; fileEncoding = 4; lastKnownFileType = sourcecode.c.objc; path = UtilityModel.m; sourceTree = "<group>"; };
		5009CE87163F18350082C5A7 /* AGLKAxisAllignedBoundingBox.h */ = {isa = PBXFileReference; fileEncoding = 4; lastKnownFileType = sourcecode.c.h; path = AGLKAxisAllignedBoundingBox.h; sourceTree = "<group>"; };
		5009CE89163F1B210082C5A7 /* UtilityModelManager.h */ = {isa = PBXFileReference; fileEncoding = 4; lastKnownFileType = sourcecode.c.h; path = UtilityModelManager.h; sourceTree = "<group>"; };
		5009CE8A163F1B210082C5A7 /* UtilityModelManager.m */ = {isa = PBXFileReference; fileEncoding = 4; lastKnownFileType = sourcecode.c.objc; path = UtilityModelManager.m; sourceTree = "<group>"; };
		5009CE8C163F1B580082C5A7 /* UtilityModel+viewAdditions.h */ = {isa = PBXFileReference; fileEncoding = 4; lastKnownFileType = sourcecode.c.h; path = "UtilityModel+viewAdditions.h"; sourceTree = "<group>"; };
		5009CE8D163F1B580082C5A7 /* UtilityModel+viewAdditions.m */ = {isa = PBXFileReference; fileEncoding = 4; lastKnownFileType = sourcecode.c.objc; path = "UtilityModel+viewAdditions.m"; sourceTree = "<group>"; };
		5009CE8F163F1B7E0082C5A7 /* UtilityMesh+viewAdditions.h */ = {isa = PBXFileReference; fileEncoding = 4; lastKnownFileType = sourcecode.c.h; path = "UtilityMesh+viewAdditions.h"; sourceTree = "<group>"; };
		5009CE90163F1B7E0082C5A7 /* UtilityMesh+viewAdditions.m */ = {isa = PBXFileReference; fileEncoding = 4; lastKnownFileType = sourcecode.c.objc; path = "UtilityMesh+viewAdditions.m"; sourceTree = "<group>"; };
		5009CE92163F1BA00082C5A7 /* UtilityTextureInfo+viewAdditions.h */ = {isa = PBXFileReference; fileEncoding = 4; lastKnownFileType = sourcecode.c.h; path = "UtilityTextureInfo+viewAdditions.h"; sourceTree = "<group>"; };
		5009CE93163F1BA00082C5A7 /* UtilityTextureInfo+viewAdditions.m */ = {isa = PBXFileReference; fileEncoding = 4; lastKnownFileType = sourcecode.c.objc; path = "UtilityTextureInfo+viewAdditions.m"; sourceTree = "<group>"; };
		5009CE95163F1BAF0082C5A7 /* UtilityTextureInfo.h */ = {isa = PBXFileReference; fileEncoding = 4; lastKnownFileType = sourcecode.c.h; path = UtilityTextureInfo.h; sourceTree = "<group>"; };
		5009CE96163F1BAF0082C5A7 /* UtilityTextureInfo.m */ = {isa = PBXFileReference; fileEncoding = 4; lastKnownFileType = sourcecode.c.objc; path = UtilityTextureInfo.m; sourceTree = "<group>"; };
		5009CEBA164179A50082C5A7 /* texture3.jpg */ = {isa = PBXFileReference; lastKnownFileType = image.jpeg; path = texture3.jpg; sourceTree = "<group>"; };
		50896C7716466CD80017F22D /* board.modelplist */ = {isa = PBXFileReference; lastKnownFileType = file.bplist; path = board.modelplist; sourceTree = "<group>"; };
/* End PBXFileReference section */

/* Begin PBXFrameworksBuildPhase section */
		5009CE28163EE7500082C5A7 /* Frameworks */ = {
			isa = PBXFrameworksBuildPhase;
			buildActionMask = 2147483647;
			files = (
				5009CE54163EE7C40082C5A7 /* GLKit.framework in Frameworks */,
				5009CE52163EE7BD0082C5A7 /* QuartzCore.framework in Frameworks */,
				5009CE50163EE7B60082C5A7 /* OpenGLES.framework in Frameworks */,
				5009CE30163EE7500082C5A7 /* UIKit.framework in Frameworks */,
				5009CE32163EE7500082C5A7 /* Foundation.framework in Frameworks */,
				5009CE34163EE7500082C5A7 /* CoreGraphics.framework in Frameworks */,
			);
			runOnlyForDeploymentPostprocessing = 0;
		};
/* End PBXFrameworksBuildPhase section */

/* Begin PBXGroup section */
		5009CE20163EE7500082C5A7 = {
			isa = PBXGroup;
			children = (
				5009CE35163EE7500082C5A7 /* BallEscape */,
				5009CE2E163EE7500082C5A7 /* Frameworks */,
				5009CE2C163EE7500082C5A7 /* Products */,
			);
			sourceTree = "<group>";
		};
		5009CE2C163EE7500082C5A7 /* Products */ = {
			isa = PBXGroup;
			children = (
				5009CE2B163EE7500082C5A7 /* BallEscape.app */,
			);
			name = Products;
			sourceTree = "<group>";
		};
		5009CE2E163EE7500082C5A7 /* Frameworks */ = {
			isa = PBXGroup;
			children = (
				5009CE53163EE7C40082C5A7 /* GLKit.framework */,
				5009CE51163EE7BD0082C5A7 /* QuartzCore.framework */,
				5009CE4F163EE7B60082C5A7 /* OpenGLES.framework */,
				5009CE2F163EE7500082C5A7 /* UIKit.framework */,
				5009CE31163EE7500082C5A7 /* Foundation.framework */,
				5009CE33163EE7500082C5A7 /* CoreGraphics.framework */,
			);
			name = Frameworks;
			sourceTree = "<group>";
		};
		5009CE35163EE7500082C5A7 /* BallEscape */ = {
			isa = PBXGroup;
			children = (
				50896C7716466CD80017F22D /* board.modelplist */,
				5009CEBA164179A50082C5A7 /* texture3.jpg */,
				5009CE9E163F1FD80082C5A7 /* Modelplist */,
				5009CE88163F1AA50082C5A7 /* View */,
				5009CE76163F14540082C5A7 /* Model */,
				5009CE75163F01C50082C5A7 /* Controller */,
				5009CE74163F01A30082C5A7 /* AGLKit */,
				5009CE36163EE7500082C5A7 /* Supporting Files */,
			);
			path = BallEscape;
			sourceTree = "<group>";
		};
		5009CE36163EE7500082C5A7 /* Supporting Files */ = {
			isa = PBXGroup;
			children = (
				5009CE37163EE7500082C5A7 /* BallEscape-Info.plist */,
				5009CE38163EE7500082C5A7 /* InfoPlist.strings */,
				5009CE3B163EE7500082C5A7 /* main.m */,
				5009CE3D163EE7500082C5A7 /* BallEscape-Prefix.pch */,
			);
			name = "Supporting Files";
			sourceTree = "<group>";
		};
		5009CE74163F01A30082C5A7 /* AGLKit */ = {
			isa = PBXGroup;
			children = (
				5009CE87163F18350082C5A7 /* AGLKAxisAllignedBoundingBox.h */,
				5009CE71163EF6FA0082C5A7 /* AGLKContext.h */,
				5009CE72163EF6FA0082C5A7 /* AGLKContext.m */,
			);
			name = AGLKit;
			sourceTree = "<group>";
		};
		5009CE75163F01C50082C5A7 /* Controller */ = {
			isa = PBXGroup;
			children = (
				5009CE3E163EE7500082C5A7 /* OpenGLAppDelegate.h */,
				5009CE3F163EE7500082C5A7 /* OpenGLAppDelegate.m */,
				5009CE47163EE7500082C5A7 /* OpenGLViewController.h */,
				5009CE48163EE7500082C5A7 /* OpenGLViewController.m */,
			);
			name = Controller;
			sourceTree = "<group>";
		};
		5009CE76163F14540082C5A7 /* Model */ = {
			isa = PBXGroup;
			children = (
				5009CE81163F18100082C5A7 /* UtilityMesh.h */,
				5009CE82163F18100082C5A7 /* UtilityMesh.m */,
				5009CE84163F18210082C5A7 /* UtilityModel.h */,
				5009CE85163F18210082C5A7 /* UtilityModel.m */,
				5009CE95163F1BAF0082C5A7 /* UtilityTextureInfo.h */,
				5009CE96163F1BAF0082C5A7 /* UtilityTextureInfo.m */,
			);
			name = Model;
			sourceTree = "<group>";
		};
		5009CE88163F1AA50082C5A7 /* View */ = {
			isa = PBXGroup;
			children = (
				5009CE44163EE7500082C5A7 /* MainStoryboard_iPad.storyboard */,
				5009CE41163EE7500082C5A7 /* MainStoryboard_iPhone.storyboard */,
				5009CE8F163F1B7E0082C5A7 /* UtilityMesh+viewAdditions.h */,
				5009CE90163F1B7E0082C5A7 /* UtilityMesh+viewAdditions.m */,
				5009CE8C163F1B580082C5A7 /* UtilityModel+viewAdditions.h */,
				5009CE8D163F1B580082C5A7 /* UtilityModel+viewAdditions.m */,
				5009CE89163F1B210082C5A7 /* UtilityModelManager.h */,
				5009CE8A163F1B210082C5A7 /* UtilityModelManager.m */,
				5009CE92163F1BA00082C5A7 /* UtilityTextureInfo+viewAdditions.h */,
				5009CE93163F1BA00082C5A7 /* UtilityTextureInfo+viewAdditions.m */,
			);
			name = View;
			sourceTree = "<group>";
		};
		5009CE9E163F1FD80082C5A7 /* Modelplist */ = {
			isa = PBXGroup;
			children = (
			);
			name = Modelplist;
			sourceTree = "<group>";
		};
/* End PBXGroup section */

/* Begin PBXNativeTarget section */
		5009CE2A163EE7500082C5A7 /* BallEscape */ = {
			isa = PBXNativeTarget;
			buildConfigurationList = 5009CE4C163EE7500082C5A7 /* Build configuration list for PBXNativeTarget "BallEscape" */;
			buildPhases = (
				5009CE27163EE7500082C5A7 /* Sources */,
				5009CE28163EE7500082C5A7 /* Frameworks */,
				5009CE29163EE7500082C5A7 /* Resources */,
			);
			buildRules = (
			);
			dependencies = (
			);
			name = BallEscape;
			productName = BallEscape;
			productReference = 5009CE2B163EE7500082C5A7 /* BallEscape.app */;
			productType = "com.apple.product-type.application";
		};
/* End PBXNativeTarget section */

/* Begin PBXProject section */
		5009CE22163EE7500082C5A7 /* Project object */ = {
			isa = PBXProject;
			attributes = {
				LastUpgradeCheck = 0420;
			};
			buildConfigurationList = 5009CE25163EE7500082C5A7 /* Build configuration list for PBXProject "BallEscape" */;
			compatibilityVersion = "Xcode 3.2";
			developmentRegion = English;
			hasScannedForEncodings = 0;
			knownRegions = (
				en,
			);
			mainGroup = 5009CE20163EE7500082C5A7;
			productRefGroup = 5009CE2C163EE7500082C5A7 /* Products */;
			projectDirPath = "";
			projectRoot = "";
			targets = (
				5009CE2A163EE7500082C5A7 /* BallEscape */,
			);
		};
/* End PBXProject section */

/* Begin PBXResourcesBuildPhase section */
		5009CE29163EE7500082C5A7 /* Resources */ = {
			isa = PBXResourcesBuildPhase;
			buildActionMask = 2147483647;
			files = (
				5009CE3A163EE7500082C5A7 /* InfoPlist.strings in Resources */,
				5009CE43163EE7500082C5A7 /* MainStoryboard_iPhone.storyboard in Resources */,
				5009CE46163EE7500082C5A7 /* MainStoryboard_iPad.storyboard in Resources */,
				5009CEBE164179A70082C5A7 /* texture3.jpg in Resources */,
				50896C7816466CD80017F22D /* board.modelplist in Resources */,
			);
			runOnlyForDeploymentPostprocessing = 0;
		};
/* End PBXResourcesBuildPhase section */

/* Begin PBXSourcesBuildPhase section */
		5009CE27163EE7500082C5A7 /* Sources */ = {
			isa = PBXSourcesBuildPhase;
			buildActionMask = 2147483647;
			files = (
				5009CE3C163EE7500082C5A7 /* main.m in Sources */,
				5009CE40163EE7500082C5A7 /* OpenGLAppDelegate.m in Sources */,
				5009CE49163EE7500082C5A7 /* OpenGLViewController.m in Sources */,
				5009CE73163EF6FA0082C5A7 /* AGLKContext.m in Sources */,
				5009CE83163F18100082C5A7 /* UtilityMesh.m in Sources */,
				5009CE86163F18210082C5A7 /* UtilityModel.m in Sources */,
				5009CE8B163F1B210082C5A7 /* UtilityModelManager.m in Sources */,
				5009CE8E163F1B580082C5A7 /* UtilityModel+viewAdditions.m in Sources */,
				5009CE91163F1B7E0082C5A7 /* UtilityMesh+viewAdditions.m in Sources */,
				5009CE94163F1BA00082C5A7 /* UtilityTextureInfo+viewAdditions.m in Sources */,
				5009CE97163F1BAF0082C5A7 /* UtilityTextureInfo.m in Sources */,
			);
			runOnlyForDeploymentPostprocessing = 0;
		};
/* End PBXSourcesBuildPhase section */

/* Begin PBXVariantGroup section */
		5009CE38163EE7500082C5A7 /* InfoPlist.strings */ = {
			isa = PBXVariantGroup;
			children = (
				5009CE39163EE7500082C5A7 /* en */,
			);
			name = InfoPlist.strings;
			sourceTree = "<group>";
		};
		5009CE41163EE7500082C5A7 /* MainStoryboard_iPhone.storyboard */ = {
			isa = PBXVariantGroup;
			children = (
				5009CE42163EE7500082C5A7 /* en */,
			);
			name = MainStoryboard_iPhone.storyboard;
			sourceTree = "<group>";
		};
		5009CE44163EE7500082C5A7 /* MainStoryboard_iPad.storyboard */ = {
			isa = PBXVariantGroup;
			children = (
				5009CE45163EE7500082C5A7 /* en */,
			);
			name = MainStoryboard_iPad.storyboard;
			sourceTree = "<group>";
		};
/* End PBXVariantGroup section */

/* Begin XCBuildConfiguration section */
		5009CE4A163EE7500082C5A7 /* Debug */ = {
			isa = XCBuildConfiguration;
			buildSettings = {
				ALWAYS_SEARCH_USER_PATHS = NO;
				ARCHS = "$(ARCHS_STANDARD_32_BIT)";
				CLANG_ENABLE_OBJC_ARC = YES;
				"CODE_SIGN_IDENTITY[sdk=iphoneos*]" = "iPhone Developer";
				COPY_PHASE_STRIP = NO;
				GCC_C_LANGUAGE_STANDARD = gnu99;
				GCC_DYNAMIC_NO_PIC = NO;
				GCC_OPTIMIZATION_LEVEL = 0;
				GCC_PREPROCESSOR_DEFINITIONS = (
					"DEBUG=1",
					"$(inherited)",
				);
				GCC_SYMBOLS_PRIVATE_EXTERN = NO;
				GCC_VERSION = com.apple.compilers.llvm.clang.1_0;
				GCC_WARN_ABOUT_MISSING_PROTOTYPES = YES;
				GCC_WARN_ABOUT_RETURN_TYPE = YES;
				GCC_WARN_UNUSED_VARIABLE = YES;
				IPHONEOS_DEPLOYMENT_TARGET = 5.0;
				SDKROOT = iphoneos;
				TARGETED_DEVICE_FAMILY = "1,2";
			};
			name = Debug;
		};
		5009CE4B163EE7500082C5A7 /* Release */ = {
			isa = XCBuildConfiguration;
			buildSettings = {
				ALWAYS_SEARCH_USER_PATHS = NO;
				ARCHS = "$(ARCHS_STANDARD_32_BIT)";
				CLANG_ENABLE_OBJC_ARC = YES;
				"CODE_SIGN_IDENTITY[sdk=iphoneos*]" = "iPhone Developer";
				COPY_PHASE_STRIP = YES;
				GCC_C_LANGUAGE_STANDARD = gnu99;
				GCC_VERSION = com.apple.compilers.llvm.clang.1_0;
				GCC_WARN_ABOUT_MISSING_PROTOTYPES = YES;
				GCC_WARN_ABOUT_RETURN_TYPE = YES;
				GCC_WARN_UNUSED_VARIABLE = YES;
				IPHONEOS_DEPLOYMENT_TARGET = 5.0;
				OTHER_CFLAGS = "-DNS_BLOCK_ASSERTIONS=1";
				SDKROOT = iphoneos;
				TARGETED_DEVICE_FAMILY = "1,2";
				VALIDATE_PRODUCT = YES;
			};
			name = Release;
		};
		5009CE4D163EE7500082C5A7 /* Debug */ = {
			isa = XCBuildConfiguration;
			buildSettings = {
				GCC_PRECOMPILE_PREFIX_HEADER = YES;
				GCC_PREFIX_HEADER = "BallEscape/BallEscape-Prefix.pch";
				INFOPLIST_FILE = "BallEscape/BallEscape-Info.plist";
				PRODUCT_NAME = "$(TARGET_NAME)";
				WRAPPER_EXTENSION = app;
			};
			name = Debug;
		};
		5009CE4E163EE7500082C5A7 /* Release */ = {
			isa = XCBuildConfiguration;
			buildSettings = {
				GCC_PRECOMPILE_PREFIX_HEADER = YES;
				GCC_PREFIX_HEADER = "BallEscape/BallEscape-Prefix.pch";
				INFOPLIST_FILE = "BallEscape/BallEscape-Info.plist";
				PRODUCT_NAME = "$(TARGET_NAME)";
				WRAPPER_EXTENSION = app;
			};
			name = Release;
		};
/* End XCBuildConfiguration section */

/* Begin XCConfigurationList section */
		5009CE25163EE7500082C5A7 /* Build configuration list for PBXProject "BallEscape" */ = {
			isa = XCConfigurationList;
			buildConfigurations = (
				5009CE4A163EE7500082C5A7 /* Debug */,
				5009CE4B163EE7500082C5A7 /* Release */,
			);
			defaultConfigurationIsVisible = 0;
			defaultConfigurationName = Release;
		};
		5009CE4C163EE7500082C5A7 /* Build configuration list for PBXNativeTarget "BallEscape" */ = {
			isa = XCConfigurationList;
			buildConfigurations = (
				5009CE4D163EE7500082C5A7 /* Debug */,
				5009CE4E163EE7500082C5A7 /* Release */,
			);
			defaultConfigurationIsVisible = 0;
			defaultConfigurationName = Release;
		};
/* End XCConfigurationList section */
	};
	rootObject = 5009CE22163EE7500082C5A7 /* Project object */;
}
